
Microsoft Visual Studio Solution File, Format Version 12.00
# Visual Studio Version 17
VisualStudioVersion = 17.10.34902.84
MinimumVisualStudioVersion = 10.0.40219.1
Project("{FAE04EC0-301F-11D3-BF4B-00C04F79EFBC}") = "EFCorePractise", "EFCorePractise\EFCorePractise.csproj", "{34344D8F-CD33-480B-84A0-5D3E790AC0D3}"
EndProject
Project("{2150E333-8FDC-42A3-9474-1A3956D46DE8}") = "NewFolder1", "NewFolder1", "{8F8C62FB-9A03-456C-8D0C-320C7A48E37D}"
EndProject
Global
	GlobalSection(SolutionConfigurationPlatforms) = preSolution
		Debug|Any CPU = Debug|Any CPU
		Release|Any CPU = Release|Any CPU
	EndGlobalSection
	GlobalSection(ProjectConfigurationPlatforms) = postSolution
		{34344D8F-CD33-480B-84A0-5D3E790AC0D3}.Debug|Any CPU.ActiveCfg = Debug|Any CPU
		{34344D8F-CD33-480B-84A0-5D3E790AC0D3}.Debug|Any CPU.Build.0 = Debug|Any CPU
		{34344D8F-CD33-480B-84A0-5D3E790AC0D3}.Release|Any CPU.ActiveCfg = Release|Any CPU
		{34344D8F-CD33-480B-84A0-5D3E790AC0D3}.Release|Any CPU.Build.0 = Release|Any CPU
	EndGlobalSection
	GlobalSection(SolutionProperties) = preSolution
		HideSolutionNode = FALSE
	EndGlobalSection
	GlobalSection(ExtensibilityGlobals) = postSolution
		SolutionGuid = {F67C4B2E-D1DA-4CE2-8F86-B796215022E0}
	EndGlobalSection
EndGlobal
